
Microsoft Visual Studio Solution File, Format Version 12.00
# Visual Studio Version 16
VisualStudioVersion = 16.0.31205.134
MinimumVisualStudioVersion = 10.0.40219.1
Project("{8BC9CEB8-8B4A-11D0-8D11-00A0C91BC942}") = "pdfiumTester", "pdfiumTester\pdfiumTester.vcxproj", "{8387EFC1-8C4C-49D7-B4DE-4922B5F3C652}"
EndProject
Project("{8BC9CEB8-8B4A-11D0-8D11-00A0C91BC942}") = "pdfboxTester", "pdfboxTester\pdfboxTester.vcxproj", "{B4E74817-0617-4AE7-9AD3-5E58F4CC4DEE}"
EndProject
Project("{2150E333-8FDC-42A3-9474-1A3956D46DE8}") = "common", "common", "{57F3A75E-9E24-4620-B25B-49C151C4D5A5}"
	ProjectSection(SolutionItems) = preProject
		common\pdf_assert.h = common\pdf_assert.h
		common\pdf_utils.h = common\pdf_utils.h
	EndProjectSection
EndProject
Global
	GlobalSection(SolutionConfigurationPlatforms) = preSolution
		Debug|x64 = Debug|x64
		Debug|x86 = Debug|x86
		Release|x64 = Release|x64
		Release|x86 = Release|x86
	EndGlobalSection
	GlobalSection(ProjectConfigurationPlatforms) = postSolution
		{8387EFC1-8C4C-49D7-B4DE-4922B5F3C652}.Debug|x64.ActiveCfg = Debug|x64
		{8387EFC1-8C4C-49D7-B4DE-4922B5F3C652}.Debug|x64.Build.0 = Debug|x64
		{8387EFC1-8C4C-49D7-B4DE-4922B5F3C652}.Debug|x86.ActiveCfg = Debug|Win32
		{8387EFC1-8C4C-49D7-B4DE-4922B5F3C652}.Debug|x86.Build.0 = Debug|Win32
		{8387EFC1-8C4C-49D7-B4DE-4922B5F3C652}.Release|x64.ActiveCfg = Release|x64
		{8387EFC1-8C4C-49D7-B4DE-4922B5F3C652}.Release|x64.Build.0 = Release|x64
		{8387EFC1-8C4C-49D7-B4DE-4922B5F3C652}.Release|x86.ActiveCfg = Release|Win32
		{8387EFC1-8C4C-49D7-B4DE-4922B5F3C652}.Release|x86.Build.0 = Release|Win32
		{B4E74817-0617-4AE7-9AD3-5E58F4CC4DEE}.Debug|x64.ActiveCfg = Debug|x64
		{B4E74817-0617-4AE7-9AD3-5E58F4CC4DEE}.Debug|x64.Build.0 = Debug|x64
		{B4E74817-0617-4AE7-9AD3-5E58F4CC4DEE}.Debug|x86.ActiveCfg = Debug|Win32
		{B4E74817-0617-4AE7-9AD3-5E58F4CC4DEE}.Debug|x86.Build.0 = Debug|Win32
		{B4E74817-0617-4AE7-9AD3-5E58F4CC4DEE}.Release|x64.ActiveCfg = Release|x64
		{B4E74817-0617-4AE7-9AD3-5E58F4CC4DEE}.Release|x64.Build.0 = Release|x64
		{B4E74817-0617-4AE7-9AD3-5E58F4CC4DEE}.Release|x86.ActiveCfg = Release|Win32
		{B4E74817-0617-4AE7-9AD3-5E58F4CC4DEE}.Release|x86.Build.0 = Release|Win32
	EndGlobalSection
	GlobalSection(SolutionProperties) = preSolution
		HideSolutionNode = FALSE
	EndGlobalSection
	GlobalSection(ExtensibilityGlobals) = postSolution
		SolutionGuid = {E2B0AD9F-C66D-43EF-83F1-77037E999C0F}
	EndGlobalSection
EndGlobal
